// !$*UTF8*$!
{
	archiveVersion = 1;
	classes = {
	};
	objectVersion = 56;
	objects = {

/* Begin PBXBuildFile section */
		1855218AC435CEF6E431C20E /* Pods_StudioGuru.framework in Frameworks */ = {isa = PBXBuildFile; fileRef = 0ACEE271F2798589ACE5FFFD /* Pods_StudioGuru.framework */; };
		FA0E93422A404BC800EEB22F /* ChatCell.swift in Sources */ = {isa = PBXBuildFile; fileRef = FA0E93412A404BC800EEB22F /* ChatCell.swift */; };
		FA0E93442A404EF000EEB22F /* ChatDetails.swift in Sources */ = {isa = PBXBuildFile; fileRef = FA0E93432A404EF000EEB22F /* ChatDetails.swift */; };
		FA464E8C2A34E89200910323 /* AppDelegate.swift in Sources */ = {isa = PBXBuildFile; fileRef = FA464E8B2A34E89200910323 /* AppDelegate.swift */; };
		FA464E8E2A34E89200910323 /* SceneDelegate.swift in Sources */ = {isa = PBXBuildFile; fileRef = FA464E8D2A34E89200910323 /* SceneDelegate.swift */; };
		FA464E902A34E89200910323 /* ViewController.swift in Sources */ = {isa = PBXBuildFile; fileRef = FA464E8F2A34E89200910323 /* ViewController.swift */; };
		FA464E932A34E89200910323 /* Main.storyboard in Resources */ = {isa = PBXBuildFile; fileRef = FA464E912A34E89200910323 /* Main.storyboard */; };
		FA464E952A34E89400910323 /* Assets.xcassets in Resources */ = {isa = PBXBuildFile; fileRef = FA464E942A34E89400910323 /* Assets.xcassets */; };
		FA464E982A34E89400910323 /* LaunchScreen.storyboard in Resources */ = {isa = PBXBuildFile; fileRef = FA464E962A34E89400910323 /* LaunchScreen.storyboard */; };
		FA464EA32A34E89400910323 /* StudioGuruTests.swift in Sources */ = {isa = PBXBuildFile; fileRef = FA464EA22A34E89400910323 /* StudioGuruTests.swift */; };
		FA464EAD2A34E89400910323 /* StudioGuruUITests.swift in Sources */ = {isa = PBXBuildFile; fileRef = FA464EAC2A34E89400910323 /* StudioGuruUITests.swift */; };
		FA464EAF2A34E89400910323 /* StudioGuruUITestsLaunchTests.swift in Sources */ = {isa = PBXBuildFile; fileRef = FA464EAE2A34E89400910323 /* StudioGuruUITestsLaunchTests.swift */; };
		FA464EBC2A34E92D00910323 /* SharedData.swift in Sources */ = {isa = PBXBuildFile; fileRef = FA464EBB2A34E92D00910323 /* SharedData.swift */; };
		FA464EBF2A34E98600910323 /* TopBar.swift in Sources */ = {isa = PBXBuildFile; fileRef = FA464EBE2A34E98600910323 /* TopBar.swift */; };
		FA464EC32A34EA5600910323 /* Login.swift in Sources */ = {isa = PBXBuildFile; fileRef = FA464EC22A34EA5600910323 /* Login.swift */; };
		FA464EC52A34EB6C00910323 /* SignUp.swift in Sources */ = {isa = PBXBuildFile; fileRef = FA464EC42A34EB6C00910323 /* SignUp.swift */; };
		FA464EC72A34EEB600910323 /* Dashboard.swift in Sources */ = {isa = PBXBuildFile; fileRef = FA464EC62A34EEB600910323 /* Dashboard.swift */; };
		FA464ECA2A3511F700910323 /* Home.swift in Sources */ = {isa = PBXBuildFile; fileRef = FA464EC92A3511F700910323 /* Home.swift */; };
		FA464ECC2A35124100910323 /* CalendarPage.swift in Sources */ = {isa = PBXBuildFile; fileRef = FA464ECB2A35124100910323 /* CalendarPage.swift */; };
		FA464ECE2A35124F00910323 /* Chat.swift in Sources */ = {isa = PBXBuildFile; fileRef = FA464ECD2A35124F00910323 /* Chat.swift */; };
		FA464ED02A35125C00910323 /* More.swift in Sources */ = {isa = PBXBuildFile; fileRef = FA464ECF2A35125C00910323 /* More.swift */; };
		FA464ED62A35134200910323 /* Roboto-Medium.ttf in Resources */ = {isa = PBXBuildFile; fileRef = FA464ED22A35134200910323 /* Roboto-Medium.ttf */; };
		FA464ED72A35134200910323 /* Roboto-Light.ttf in Resources */ = {isa = PBXBuildFile; fileRef = FA464ED32A35134200910323 /* Roboto-Light.ttf */; };
		FA464ED82A35134200910323 /* Roboto-Bold.ttf in Resources */ = {isa = PBXBuildFile; fileRef = FA464ED42A35134200910323 /* Roboto-Bold.ttf */; };
		FA464ED92A35134200910323 /* Roboto-Regular.ttf in Resources */ = {isa = PBXBuildFile; fileRef = FA464ED52A35134200910323 /* Roboto-Regular.ttf */; };
		FA70AC602AE9284500AD5ED0 /* ChatMembersList.swift in Sources */ = {isa = PBXBuildFile; fileRef = FA70AC5F2AE9284500AD5ED0 /* ChatMembersList.swift */; };
		FA70D4FD2A81DAEE00ED4449 /* SideMenu.swift in Sources */ = {isa = PBXBuildFile; fileRef = FA70D4FC2A81DAEE00ED4449 /* SideMenu.swift */; };
		FA77BCA62A88376500617AC1 /* PMCell.swift in Sources */ = {isa = PBXBuildFile; fileRef = FA77BCA52A88376500617AC1 /* PMCell.swift */; };
		FA77BCAC2A883BF100617AC1 /* PMAddCreditCard.swift in Sources */ = {isa = PBXBuildFile; fileRef = FA77BCAB2A883BF000617AC1 /* PMAddCreditCard.swift */; };
		FA77BCAE2A88947700617AC1 /* PMAddBankAccount.swift in Sources */ = {isa = PBXBuildFile; fileRef = FA77BCAD2A88947700617AC1 /* PMAddBankAccount.swift */; };
		FA77BCB02A889BA400617AC1 /* MyStudentsAddStudent.swift in Sources */ = {isa = PBXBuildFile; fileRef = FA77BCAF2A889BA400617AC1 /* MyStudentsAddStudent.swift */; };
		FA77BCB22A88BF0800617AC1 /* MyStudentInfo.swift in Sources */ = {isa = PBXBuildFile; fileRef = FA77BCB12A88BF0800617AC1 /* MyStudentInfo.swift */; };
		FA8E94C32A7F5CFF00951D52 /* MoreCell.swift in Sources */ = {isa = PBXBuildFile; fileRef = FA8E94C22A7F5CFF00951D52 /* MoreCell.swift */; };
		FA8E94C62A7F5D2D00951D52 /* StudioRentals.swift in Sources */ = {isa = PBXBuildFile; fileRef = FA8E94C52A7F5D2D00951D52 /* StudioRentals.swift */; };
		FA8E94C82A7F5D3D00951D52 /* MyAccount.swift in Sources */ = {isa = PBXBuildFile; fileRef = FA8E94C72A7F5D3D00951D52 /* MyAccount.swift */; };
		FA8E94CA2A7FFABB00951D52 /* MainDashboard.swift in Sources */ = {isa = PBXBuildFile; fileRef = FA8E94C92A7FFABB00951D52 /* MainDashboard.swift */; };
		FA8E94CC2A81915600951D52 /* MyAccountCell.swift in Sources */ = {isa = PBXBuildFile; fileRef = FA8E94CB2A81915600951D52 /* MyAccountCell.swift */; };
		FAA1878F2A833FEB00598626 /* SideMenuCell.swift in Sources */ = {isa = PBXBuildFile; fileRef = FAA1878E2A833FEB00598626 /* SideMenuCell.swift */; };
		FAA187912A85C03400598626 /* StudioPage.swift in Sources */ = {isa = PBXBuildFile; fileRef = FAA187902A85C03400598626 /* StudioPage.swift */; };
		FAA187932A85C08B00598626 /* ManagerPage.swift in Sources */ = {isa = PBXBuildFile; fileRef = FAA187922A85C08B00598626 /* ManagerPage.swift */; };
		FAA187952A85C0EC00598626 /* InstructorPage.swift in Sources */ = {isa = PBXBuildFile; fileRef = FAA187942A85C0EC00598626 /* InstructorPage.swift */; };
		FAA187972A85C10800598626 /* StaffPage.swift in Sources */ = {isa = PBXBuildFile; fileRef = FAA187962A85C10800598626 /* StaffPage.swift */; };
		FAA187992A85C12500598626 /* ClassesPage.swift in Sources */ = {isa = PBXBuildFile; fileRef = FAA187982A85C12500598626 /* ClassesPage.swift */; };
		FAA1879B2A85C15300598626 /* StorePage.swift in Sources */ = {isa = PBXBuildFile; fileRef = FAA1879A2A85C15300598626 /* StorePage.swift */; };
		FAA1879F2A85D1C700598626 /* PersonalInfo.swift in Sources */ = {isa = PBXBuildFile; fileRef = FAA1879E2A85D1C700598626 /* PersonalInfo.swift */; };
		FAA187A12A85D2FC00598626 /* LoginInfo.swift in Sources */ = {isa = PBXBuildFile; fileRef = FAA187A02A85D2FC00598626 /* LoginInfo.swift */; };
		FAA187A32A85D31400598626 /* MyStudents.swift in Sources */ = {isa = PBXBuildFile; fileRef = FAA187A22A85D31400598626 /* MyStudents.swift */; };
		FAA187A52A85D33500598626 /* PaymentMethods.swift in Sources */ = {isa = PBXBuildFile; fileRef = FAA187A42A85D33500598626 /* PaymentMethods.swift */; };
		FAA187B22A875EE900598626 /* PageEditItem.swift in Sources */ = {isa = PBXBuildFile; fileRef = FAA187B12A875EE900598626 /* PageEditItem.swift */; };
		FAA187B42A87625F00598626 /* PICell.swift in Sources */ = {isa = PBXBuildFile; fileRef = FAA187B32A87625F00598626 /* PICell.swift */; };
		FAA187B62A87737500598626 /* PageEditPhoto.swift in Sources */ = {isa = PBXBuildFile; fileRef = FAA187B52A87737500598626 /* PageEditPhoto.swift */; };
		FAA187B82A8779F500598626 /* PageEditPassword.swift in Sources */ = {isa = PBXBuildFile; fileRef = FAA187B72A8779F500598626 /* PageEditPassword.swift */; };
		FAA187BA2A878D4C00598626 /* MyStudentDetails.swift in Sources */ = {isa = PBXBuildFile; fileRef = FAA187B92A878D4C00598626 /* MyStudentDetails.swift */; };
		FAB902B12AAB957900A4A47F /* NoInternet.swift in Sources */ = {isa = PBXBuildFile; fileRef = FAB902B02AAB957900A4A47F /* NoInternet.swift */; };
		FAB902B32AAB962000A4A47F /* Reachable.swift in Sources */ = {isa = PBXBuildFile; fileRef = FAB902B22AAB962000A4A47F /* Reachable.swift */; };
		FAB902B52AAB963800A4A47F /* NetworkManager.swift in Sources */ = {isa = PBXBuildFile; fileRef = FAB902B42AAB963800A4A47F /* NetworkManager.swift */; };
		FAF69C802AE6541200F9150D /* FeedPage.swift in Sources */ = {isa = PBXBuildFile; fileRef = FAF69C7F2AE6541200F9150D /* FeedPage.swift */; };
		FAF69C822AE6827700F9150D /* FeedCell.swift in Sources */ = {isa = PBXBuildFile; fileRef = FAF69C812AE6827700F9150D /* FeedCell.swift */; };
		FAF9216C2A89DC79005F3095 /* SignUpInfo.swift in Sources */ = {isa = PBXBuildFile; fileRef = FAF9216B2A89DC79005F3095 /* SignUpInfo.swift */; };
		FAF9216E2A89DCCB005F3095 /* SignUpTerms.swift in Sources */ = {isa = PBXBuildFile; fileRef = FAF9216D2A89DCCB005F3095 /* SignUpTerms.swift */; };
		FAF921702A89E466005F3095 /* SignUpAccount.swift in Sources */ = {isa = PBXBuildFile; fileRef = FAF9216F2A89E466005F3095 /* SignUpAccount.swift */; };
		FAF921722A89FA91005F3095 /* SignUpPhoto.swift in Sources */ = {isa = PBXBuildFile; fileRef = FAF921712A89FA91005F3095 /* SignUpPhoto.swift */; };
/* End PBXBuildFile section */

/* Begin PBXContainerItemProxy section */
		FA464E9F2A34E89400910323 /* PBXContainerItemProxy */ = {
			isa = PBXContainerItemProxy;
			containerPortal = FA464E802A34E89200910323 /* Project object */;
			proxyType = 1;
			remoteGlobalIDString = FA464E872A34E89200910323;
			remoteInfo = StudioGuru;
		};
		FA464EA92A34E89400910323 /* PBXContainerItemProxy */ = {
			isa = PBXContainerItemProxy;
			containerPortal = FA464E802A34E89200910323 /* Project object */;
			proxyType = 1;
			remoteGlobalIDString = FA464E872A34E89200910323;
			remoteInfo = StudioGuru;
		};
/* End PBXContainerItemProxy section */

/* Begin PBXFileReference section */
		0ACEE271F2798589ACE5FFFD /* Pods_StudioGuru.framework */ = {isa = PBXFileReference; explicitFileType = wrapper.framework; includeInIndex = 0; path = Pods_StudioGuru.framework; sourceTree = BUILT_PRODUCTS_DIR; };
		3D382994C88677C8187AC951 /* Pods-StudioGuru.release.xcconfig */ = {isa = PBXFileReference; includeInIndex = 1; lastKnownFileType = text.xcconfig; name = "Pods-StudioGuru.release.xcconfig"; path = "Target Support Files/Pods-StudioGuru/Pods-StudioGuru.release.xcconfig"; sourceTree = "<group>"; };
		E2869BB29ABFB323C9ABD65E /* Pods-StudioGuru.debug.xcconfig */ = {isa = PBXFileReference; includeInIndex = 1; lastKnownFileType = text.xcconfig; name = "Pods-StudioGuru.debug.xcconfig"; path = "Target Support Files/Pods-StudioGuru/Pods-StudioGuru.debug.xcconfig"; sourceTree = "<group>"; };
		FA0E93412A404BC800EEB22F /* ChatCell.swift */ = {isa = PBXFileReference; lastKnownFileType = sourcecode.swift; path = ChatCell.swift; sourceTree = "<group>"; };
		FA0E93432A404EF000EEB22F /* ChatDetails.swift */ = {isa = PBXFileReference; lastKnownFileType = sourcecode.swift; path = ChatDetails.swift; sourceTree = "<group>"; };
		FA464E882A34E89200910323 /* StudioGuru.app */ = {isa = PBXFileReference; explicitFileType = wrapper.application; includeInIndex = 0; path = StudioGuru.app; sourceTree = BUILT_PRODUCTS_DIR; };
		FA464E8B2A34E89200910323 /* AppDelegate.swift */ = {isa = PBXFileReference; lastKnownFileType = sourcecode.swift; path = AppDelegate.swift; sourceTree = "<group>"; };
		FA464E8D2A34E89200910323 /* SceneDelegate.swift */ = {isa = PBXFileReference; lastKnownFileType = sourcecode.swift; path = SceneDelegate.swift; sourceTree = "<group>"; };
		FA464E8F2A34E89200910323 /* ViewController.swift */ = {isa = PBXFileReference; lastKnownFileType = sourcecode.swift; path = ViewController.swift; sourceTree = "<group>"; };
		FA464E922A34E89200910323 /* Base */ = {isa = PBXFileReference; lastKnownFileType = file.storyboard; name = Base; path = Base.lproj/Main.storyboard; sourceTree = "<group>"; };
		FA464E942A34E89400910323 /* Assets.xcassets */ = {isa = PBXFileReference; lastKnownFileType = folder.assetcatalog; path = Assets.xcassets; sourceTree = "<group>"; };
		FA464E972A34E89400910323 /* Base */ = {isa = PBXFileReference; lastKnownFileType = file.storyboard; name = Base; path = Base.lproj/LaunchScreen.storyboard; sourceTree = "<group>"; };
		FA464E992A34E89400910323 /* Info.plist */ = {isa = PBXFileReference; lastKnownFileType = text.plist.xml; path = Info.plist; sourceTree = "<group>"; };
		FA464E9E2A34E89400910323 /* StudioGuruTests.xctest */ = {isa = PBXFileReference; explicitFileType = wrapper.cfbundle; includeInIndex = 0; path = StudioGuruTests.xctest; sourceTree = BUILT_PRODUCTS_DIR; };
		FA464EA22A34E89400910323 /* StudioGuruTests.swift */ = {isa = PBXFileReference; lastKnownFileType = sourcecode.swift; path = StudioGuruTests.swift; sourceTree = "<group>"; };
		FA464EA82A34E89400910323 /* StudioGuruUITests.xctest */ = {isa = PBXFileReference; explicitFileType = wrapper.cfbundle; includeInIndex = 0; path = StudioGuruUITests.xctest; sourceTree = BUILT_PRODUCTS_DIR; };
		FA464EAC2A34E89400910323 /* StudioGuruUITests.swift */ = {isa = PBXFileReference; lastKnownFileType = sourcecode.swift; path = StudioGuruUITests.swift; sourceTree = "<group>"; };
		FA464EAE2A34E89400910323 /* StudioGuruUITestsLaunchTests.swift */ = {isa = PBXFileReference; lastKnownFileType = sourcecode.swift; path = StudioGuruUITestsLaunchTests.swift; sourceTree = "<group>"; };
		FA464EBB2A34E92D00910323 /* SharedData.swift */ = {isa = PBXFileReference; lastKnownFileType = sourcecode.swift; path = SharedData.swift; sourceTree = "<group>"; };
		FA464EBE2A34E98600910323 /* TopBar.swift */ = {isa = PBXFileReference; lastKnownFileType = sourcecode.swift; path = TopBar.swift; sourceTree = "<group>"; };
		FA464EC22A34EA5600910323 /* Login.swift */ = {isa = PBXFileReference; lastKnownFileType = sourcecode.swift; path = Login.swift; sourceTree = "<group>"; };
		FA464EC42A34EB6C00910323 /* SignUp.swift */ = {isa = PBXFileReference; lastKnownFileType = sourcecode.swift; path = SignUp.swift; sourceTree = "<group>"; };
		FA464EC62A34EEB600910323 /* Dashboard.swift */ = {isa = PBXFileReference; lastKnownFileType = sourcecode.swift; path = Dashboard.swift; sourceTree = "<group>"; };
		FA464EC92A3511F700910323 /* Home.swift */ = {isa = PBXFileReference; lastKnownFileType = sourcecode.swift; path = Home.swift; sourceTree = "<group>"; };
		FA464ECB2A35124100910323 /* CalendarPage.swift */ = {isa = PBXFileReference; lastKnownFileType = sourcecode.swift; path = CalendarPage.swift; sourceTree = "<group>"; };
		FA464ECD2A35124F00910323 /* Chat.swift */ = {isa = PBXFileReference; lastKnownFileType = sourcecode.swift; path = Chat.swift; sourceTree = "<group>"; };
		FA464ECF2A35125C00910323 /* More.swift */ = {isa = PBXFileReference; lastKnownFileType = sourcecode.swift; path = More.swift; sourceTree = "<group>"; };
		FA464ED22A35134200910323 /* Roboto-Medium.ttf */ = {isa = PBXFileReference; lastKnownFileType = file; name = "Roboto-Medium.ttf"; path = "fonts/Roboto-Medium.ttf"; sourceTree = SOURCE_ROOT; };
		FA464ED32A35134200910323 /* Roboto-Light.ttf */ = {isa = PBXFileReference; lastKnownFileType = file; name = "Roboto-Light.ttf"; path = "fonts/Roboto-Light.ttf"; sourceTree = SOURCE_ROOT; };
		FA464ED42A35134200910323 /* Roboto-Bold.ttf */ = {isa = PBXFileReference; lastKnownFileType = file; name = "Roboto-Bold.ttf"; path = "fonts/Roboto-Bold.ttf"; sourceTree = SOURCE_ROOT; };
		FA464ED52A35134200910323 /* Roboto-Regular.ttf */ = {isa = PBXFileReference; lastKnownFileType = file; name = "Roboto-Regular.ttf"; path = "fonts/Roboto-Regular.ttf"; sourceTree = SOURCE_ROOT; };
		FA70AC5F2AE9284500AD5ED0 /* ChatMembersList.swift */ = {isa = PBXFileReference; lastKnownFileType = sourcecode.swift; path = ChatMembersList.swift; sourceTree = "<group>"; };
		FA70D4FC2A81DAEE00ED4449 /* SideMenu.swift */ = {isa = PBXFileReference; lastKnownFileType = sourcecode.swift; path = SideMenu.swift; sourceTree = "<group>"; };
		FA77BCA52A88376500617AC1 /* PMCell.swift */ = {isa = PBXFileReference; lastKnownFileType = sourcecode.swift; path = PMCell.swift; sourceTree = "<group>"; };
		FA77BCAB2A883BF000617AC1 /* PMAddCreditCard.swift */ = {isa = PBXFileReference; lastKnownFileType = sourcecode.swift; path = PMAddCreditCard.swift; sourceTree = "<group>"; };
		FA77BCAD2A88947700617AC1 /* PMAddBankAccount.swift */ = {isa = PBXFileReference; lastKnownFileType = sourcecode.swift; path = PMAddBankAccount.swift; sourceTree = "<group>"; };
		FA77BCAF2A889BA400617AC1 /* MyStudentsAddStudent.swift */ = {isa = PBXFileReference; lastKnownFileType = sourcecode.swift; path = MyStudentsAddStudent.swift; sourceTree = "<group>"; };
		FA77BCB12A88BF0800617AC1 /* MyStudentInfo.swift */ = {isa = PBXFileReference; lastKnownFileType = sourcecode.swift; path = MyStudentInfo.swift; sourceTree = "<group>"; };
		FA8E94C22A7F5CFF00951D52 /* MoreCell.swift */ = {isa = PBXFileReference; lastKnownFileType = sourcecode.swift; path = MoreCell.swift; sourceTree = "<group>"; };
		FA8E94C52A7F5D2D00951D52 /* StudioRentals.swift */ = {isa = PBXFileReference; lastKnownFileType = sourcecode.swift; path = StudioRentals.swift; sourceTree = "<group>"; };
		FA8E94C72A7F5D3D00951D52 /* MyAccount.swift */ = {isa = PBXFileReference; lastKnownFileType = sourcecode.swift; path = MyAccount.swift; sourceTree = "<group>"; };
		FA8E94C92A7FFABB00951D52 /* MainDashboard.swift */ = {isa = PBXFileReference; lastKnownFileType = sourcecode.swift; path = MainDashboard.swift; sourceTree = "<group>"; };
		FA8E94CB2A81915600951D52 /* MyAccountCell.swift */ = {isa = PBXFileReference; lastKnownFileType = sourcecode.swift; path = MyAccountCell.swift; sourceTree = "<group>"; };
		FAA1878E2A833FEB00598626 /* SideMenuCell.swift */ = {isa = PBXFileReference; lastKnownFileType = sourcecode.swift; path = SideMenuCell.swift; sourceTree = "<group>"; };
		FAA187902A85C03400598626 /* StudioPage.swift */ = {isa = PBXFileReference; lastKnownFileType = sourcecode.swift; path = StudioPage.swift; sourceTree = "<group>"; };
		FAA187922A85C08B00598626 /* ManagerPage.swift */ = {isa = PBXFileReference; lastKnownFileType = sourcecode.swift; path = ManagerPage.swift; sourceTree = "<group>"; };
		FAA187942A85C0EC00598626 /* InstructorPage.swift */ = {isa = PBXFileReference; lastKnownFileType = sourcecode.swift; path = InstructorPage.swift; sourceTree = "<group>"; };
		FAA187962A85C10800598626 /* StaffPage.swift */ = {isa = PBXFileReference; lastKnownFileType = sourcecode.swift; path = StaffPage.swift; sourceTree = "<group>"; };
		FAA187982A85C12500598626 /* ClassesPage.swift */ = {isa = PBXFileReference; lastKnownFileType = sourcecode.swift; path = ClassesPage.swift; sourceTree = "<group>"; };
		FAA1879A2A85C15300598626 /* StorePage.swift */ = {isa = PBXFileReference; lastKnownFileType = sourcecode.swift; path = StorePage.swift; sourceTree = "<group>"; };
		FAA1879C2A85CCC000598626 /* StudioGuru.entitlements */ = {isa = PBXFileReference; lastKnownFileType = text.plist.entitlements; path = StudioGuru.entitlements; sourceTree = "<group>"; };
		FAA1879E2A85D1C700598626 /* PersonalInfo.swift */ = {isa = PBXFileReference; lastKnownFileType = sourcecode.swift; path = PersonalInfo.swift; sourceTree = "<group>"; };
		FAA187A02A85D2FC00598626 /* LoginInfo.swift */ = {isa = PBXFileReference; lastKnownFileType = sourcecode.swift; path = LoginInfo.swift; sourceTree = "<group>"; };
		FAA187A22A85D31400598626 /* MyStudents.swift */ = {isa = PBXFileReference; lastKnownFileType = sourcecode.swift; path = MyStudents.swift; sourceTree = "<group>"; };
		FAA187A42A85D33500598626 /* PaymentMethods.swift */ = {isa = PBXFileReference; lastKnownFileType = sourcecode.swift; path = PaymentMethods.swift; sourceTree = "<group>"; };
		FAA187B12A875EE900598626 /* PageEditItem.swift */ = {isa = PBXFileReference; lastKnownFileType = sourcecode.swift; path = PageEditItem.swift; sourceTree = "<group>"; };
		FAA187B32A87625F00598626 /* PICell.swift */ = {isa = PBXFileReference; lastKnownFileType = sourcecode.swift; path = PICell.swift; sourceTree = "<group>"; };
		FAA187B52A87737500598626 /* PageEditPhoto.swift */ = {isa = PBXFileReference; lastKnownFileType = sourcecode.swift; path = PageEditPhoto.swift; sourceTree = "<group>"; };
		FAA187B72A8779F500598626 /* PageEditPassword.swift */ = {isa = PBXFileReference; lastKnownFileType = sourcecode.swift; path = PageEditPassword.swift; sourceTree = "<group>"; };
		FAA187B92A878D4C00598626 /* MyStudentDetails.swift */ = {isa = PBXFileReference; lastKnownFileType = sourcecode.swift; path = MyStudentDetails.swift; sourceTree = "<group>"; };
		FAB902B02AAB957900A4A47F /* NoInternet.swift */ = {isa = PBXFileReference; lastKnownFileType = sourcecode.swift; path = NoInternet.swift; sourceTree = "<group>"; };
		FAB902B22AAB962000A4A47F /* Reachable.swift */ = {isa = PBXFileReference; lastKnownFileType = sourcecode.swift; path = Reachable.swift; sourceTree = "<group>"; };
		FAB902B42AAB963800A4A47F /* NetworkManager.swift */ = {isa = PBXFileReference; lastKnownFileType = sourcecode.swift; path = NetworkManager.swift; sourceTree = "<group>"; };
		FAF69C7F2AE6541200F9150D /* FeedPage.swift */ = {isa = PBXFileReference; lastKnownFileType = sourcecode.swift; path = FeedPage.swift; sourceTree = "<group>"; };
		FAF69C812AE6827700F9150D /* FeedCell.swift */ = {isa = PBXFileReference; lastKnownFileType = sourcecode.swift; path = FeedCell.swift; sourceTree = "<group>"; };
		FAF9216B2A89DC79005F3095 /* SignUpInfo.swift */ = {isa = PBXFileReference; lastKnownFileType = sourcecode.swift; path = SignUpInfo.swift; sourceTree = "<group>"; };
		FAF9216D2A89DCCB005F3095 /* SignUpTerms.swift */ = {isa = PBXFileReference; lastKnownFileType = sourcecode.swift; path = SignUpTerms.swift; sourceTree = "<group>"; };
		FAF9216F2A89E466005F3095 /* SignUpAccount.swift */ = {isa = PBXFileReference; lastKnownFileType = sourcecode.swift; path = SignUpAccount.swift; sourceTree = "<group>"; };
		FAF921712A89FA91005F3095 /* SignUpPhoto.swift */ = {isa = PBXFileReference; lastKnownFileType = sourcecode.swift; path = SignUpPhoto.swift; sourceTree = "<group>"; };
/* End PBXFileReference section */

/* Begin PBXFrameworksBuildPhase section */
		FA464E852A34E89200910323 /* Frameworks */ = {
			isa = PBXFrameworksBuildPhase;
			buildActionMask = 2147483647;
			files = (
				1855218AC435CEF6E431C20E /* Pods_StudioGuru.framework in Frameworks */,
			);
			runOnlyForDeploymentPostprocessing = 0;
		};
		FA464E9B2A34E89400910323 /* Frameworks */ = {
			isa = PBXFrameworksBuildPhase;
			buildActionMask = 2147483647;
			files = (
			);
			runOnlyForDeploymentPostprocessing = 0;
		};
		FA464EA52A34E89400910323 /* Frameworks */ = {
			isa = PBXFrameworksBuildPhase;
			buildActionMask = 2147483647;
			files = (
			);
			runOnlyForDeploymentPostprocessing = 0;
		};
/* End PBXFrameworksBuildPhase section */

/* Begin PBXGroup section */
		75106F2BEC117402F1096F4B /* Pods */ = {
			isa = PBXGroup;
			children = (
				E2869BB29ABFB323C9ABD65E /* Pods-StudioGuru.debug.xcconfig */,
				3D382994C88677C8187AC951 /* Pods-StudioGuru.release.xcconfig */,
			);
			path = Pods;
			sourceTree = "<group>";
		};
		CBC5A2349F6A66BF889661E8 /* Frameworks */ = {
			isa = PBXGroup;
			children = (
				0ACEE271F2798589ACE5FFFD /* Pods_StudioGuru.framework */,
			);
			name = Frameworks;
			sourceTree = "<group>";
		};
		FA464E7F2A34E89200910323 = {
			isa = PBXGroup;
			children = (
				FA464E8A2A34E89200910323 /* StudioGuru */,
				FA464EA12A34E89400910323 /* StudioGuruTests */,
				FA464EAB2A34E89400910323 /* StudioGuruUITests */,
				FA464E892A34E89200910323 /* Products */,
				75106F2BEC117402F1096F4B /* Pods */,
				CBC5A2349F6A66BF889661E8 /* Frameworks */,
			);
			sourceTree = "<group>";
		};
		FA464E892A34E89200910323 /* Products */ = {
			isa = PBXGroup;
			children = (
				FA464E882A34E89200910323 /* StudioGuru.app */,
				FA464E9E2A34E89400910323 /* StudioGuruTests.xctest */,
				FA464EA82A34E89400910323 /* StudioGuruUITests.xctest */,
			);
			name = Products;
			sourceTree = "<group>";
		};
		FA464E8A2A34E89200910323 /* StudioGuru */ = {
			isa = PBXGroup;
			children = (
				FAA1879C2A85CCC000598626 /* StudioGuru.entitlements */,
				FA464EBB2A34E92D00910323 /* SharedData.swift */,
				FA464ED12A35131A00910323 /* Fonts */,
				FA464EBD2A34E97800910323 /* Components */,
				FA464EC12A34EA4000910323 /* Dashboard */,
				FA464EC02A34EA2F00910323 /* LoginSignUp */,
				FA464E8B2A34E89200910323 /* AppDelegate.swift */,
				FA464E8D2A34E89200910323 /* SceneDelegate.swift */,
				FA464E8F2A34E89200910323 /* ViewController.swift */,
				FA464E912A34E89200910323 /* Main.storyboard */,
				FA464E942A34E89400910323 /* Assets.xcassets */,
				FA464E962A34E89400910323 /* LaunchScreen.storyboard */,
				FA464E992A34E89400910323 /* Info.plist */,
			);
			path = StudioGuru;
			sourceTree = "<group>";
		};
		FA464EA12A34E89400910323 /* StudioGuruTests */ = {
			isa = PBXGroup;
			children = (
				FA464EA22A34E89400910323 /* StudioGuruTests.swift */,
			);
			path = StudioGuruTests;
			sourceTree = "<group>";
		};
		FA464EAB2A34E89400910323 /* StudioGuruUITests */ = {
			isa = PBXGroup;
			children = (
				FA464EAC2A34E89400910323 /* StudioGuruUITests.swift */,
				FA464EAE2A34E89400910323 /* StudioGuruUITestsLaunchTests.swift */,
			);
			path = StudioGuruUITests;
			sourceTree = "<group>";
		};
		FA464EBD2A34E97800910323 /* Components */ = {
			isa = PBXGroup;
			children = (
				FA464EBE2A34E98600910323 /* TopBar.swift */,
				FAB902B02AAB957900A4A47F /* NoInternet.swift */,
				FAB902B22AAB962000A4A47F /* Reachable.swift */,
				FAB902B42AAB963800A4A47F /* NetworkManager.swift */,
			);
			path = Components;
			sourceTree = "<group>";
		};
		FA464EC02A34EA2F00910323 /* LoginSignUp */ = {
			isa = PBXGroup;
			children = (
				FA464EC22A34EA5600910323 /* Login.swift */,
				FA464EC42A34EB6C00910323 /* SignUp.swift */,
				FAF9216A2A89DC67005F3095 /* SignUp */,
			);
			path = LoginSignUp;
			sourceTree = "<group>";
		};
		FA464EC12A34EA4000910323 /* Dashboard */ = {
			isa = PBXGroup;
			children = (
				FA8E94C92A7FFABB00951D52 /* MainDashboard.swift */,
				FA70D4FC2A81DAEE00ED4449 /* SideMenu.swift */,
				FAA1878E2A833FEB00598626 /* SideMenuCell.swift */,
				FA464EC62A34EEB600910323 /* Dashboard.swift */,
				FA464EC82A3511EA00910323 /* Pages */,
			);
			path = Dashboard;
			sourceTree = "<group>";
		};
		FA464EC82A3511EA00910323 /* Pages */ = {
			isa = PBXGroup;
			children = (
				FAA187902A85C03400598626 /* StudioPage.swift */,
				FA8E94C72A7F5D3D00951D52 /* MyAccount.swift */,
				FA8E94CB2A81915600951D52 /* MyAccountCell.swift */,
				FAA1879D2A85D1A600598626 /* MyAccount */,
				FAA187922A85C08B00598626 /* ManagerPage.swift */,
				FAA187942A85C0EC00598626 /* InstructorPage.swift */,
				FAA187962A85C10800598626 /* StaffPage.swift */,
				FAA187982A85C12500598626 /* ClassesPage.swift */,
				FAA1879A2A85C15300598626 /* StorePage.swift */,
				FA8E94C52A7F5D2D00951D52 /* StudioRentals.swift */,
				FA464EC92A3511F700910323 /* Home.swift */,
				FA464ECB2A35124100910323 /* CalendarPage.swift */,
				FA464ECD2A35124F00910323 /* Chat.swift */,
				FA0E93412A404BC800EEB22F /* ChatCell.swift */,
				FA0E93432A404EF000EEB22F /* ChatDetails.swift */,
				FA70AC5F2AE9284500AD5ED0 /* ChatMembersList.swift */,
				FA464ECF2A35125C00910323 /* More.swift */,
				FA8E94C22A7F5CFF00951D52 /* MoreCell.swift */,
				FAF69C7F2AE6541200F9150D /* FeedPage.swift */,
				FAF69C812AE6827700F9150D /* FeedCell.swift */,
				FA8E94C42A7F5D0900951D52 /* More */,
			);
			path = Pages;
			sourceTree = "<group>";
		};
		FA464ED12A35131A00910323 /* Fonts */ = {
			isa = PBXGroup;
			children = (
				FA464ED42A35134200910323 /* Roboto-Bold.ttf */,
				FA464ED32A35134200910323 /* Roboto-Light.ttf */,
				FA464ED22A35134200910323 /* Roboto-Medium.ttf */,
				FA464ED52A35134200910323 /* Roboto-Regular.ttf */,
			);
			path = Fonts;
			sourceTree = "<group>";
		};
		FA77BCA72A883B9C00617AC1 /* PersonalInfo */ = {
			isa = PBXGroup;
			children = (
				FAA1879E2A85D1C700598626 /* PersonalInfo.swift */,
				FAA187B32A87625F00598626 /* PICell.swift */,
			);
			path = PersonalInfo;
			sourceTree = "<group>";
		};
		FA77BCA82A883BA800617AC1 /* LoginInfo */ = {
			isa = PBXGroup;
			children = (
				FAA187A02A85D2FC00598626 /* LoginInfo.swift */,
			);
			path = LoginInfo;
			sourceTree = "<group>";
		};
		FA77BCA92A883BBA00617AC1 /* MyStudents */ = {
			isa = PBXGroup;
			children = (
				FAA187A22A85D31400598626 /* MyStudents.swift */,
				FA77BCAF2A889BA400617AC1 /* MyStudentsAddStudent.swift */,
				FAA187B92A878D4C00598626 /* MyStudentDetails.swift */,
				FA77BCB12A88BF0800617AC1 /* MyStudentInfo.swift */,
			);
			path = MyStudents;
			sourceTree = "<group>";
		};
		FA77BCAA2A883BC900617AC1 /* PaymentMethods */ = {
			isa = PBXGroup;
			children = (
				FAA187A42A85D33500598626 /* PaymentMethods.swift */,
				FA77BCAB2A883BF000617AC1 /* PMAddCreditCard.swift */,
				FA77BCAD2A88947700617AC1 /* PMAddBankAccount.swift */,
				FA77BCA52A88376500617AC1 /* PMCell.swift */,
			);
			path = PaymentMethods;
			sourceTree = "<group>";
		};
		FA8E94C42A7F5D0900951D52 /* More */ = {
			isa = PBXGroup;
			children = (
			);
			path = More;
			sourceTree = "<group>";
		};
		FAA1879D2A85D1A600598626 /* MyAccount */ = {
			isa = PBXGroup;
			children = (
				FA77BCA72A883B9C00617AC1 /* PersonalInfo */,
				FA77BCA82A883BA800617AC1 /* LoginInfo */,
				FA77BCA92A883BBA00617AC1 /* MyStudents */,
				FA77BCAA2A883BC900617AC1 /* PaymentMethods */,
				FAA187B12A875EE900598626 /* PageEditItem.swift */,
				FAA187B52A87737500598626 /* PageEditPhoto.swift */,
				FAA187B72A8779F500598626 /* PageEditPassword.swift */,
			);
			path = MyAccount;
			sourceTree = "<group>";
		};
		FAF9216A2A89DC67005F3095 /* SignUp */ = {
			isa = PBXGroup;
			children = (
				FAF9216D2A89DCCB005F3095 /* SignUpTerms.swift */,
				FAF9216B2A89DC79005F3095 /* SignUpInfo.swift */,
				FAF9216F2A89E466005F3095 /* SignUpAccount.swift */,
				FAF921712A89FA91005F3095 /* SignUpPhoto.swift */,
			);
			path = SignUp;
			sourceTree = "<group>";
		};
/* End PBXGroup section */

/* Begin PBXNativeTarget section */
		FA464E872A34E89200910323 /* StudioGuru */ = {
			isa = PBXNativeTarget;
			buildConfigurationList = FA464EB22A34E89400910323 /* Build configuration list for PBXNativeTarget "StudioGuru" */;
			buildPhases = (
				9735541AE946B8ED1A8D02AB /* [CP] Check Pods Manifest.lock */,
				FA464E842A34E89200910323 /* Sources */,
				FA464E852A34E89200910323 /* Frameworks */,
				FA464E862A34E89200910323 /* Resources */,
				6A9C39885A81626168B1EE80 /* [CP] Embed Pods Frameworks */,
			);
			buildRules = (
			);
			dependencies = (
			);
			name = StudioGuru;
			productName = StudioGuru;
			productReference = FA464E882A34E89200910323 /* StudioGuru.app */;
			productType = "com.apple.product-type.application";
		};
		FA464E9D2A34E89400910323 /* StudioGuruTests */ = {
			isa = PBXNativeTarget;
			buildConfigurationList = FA464EB52A34E89400910323 /* Build configuration list for PBXNativeTarget "StudioGuruTests" */;
			buildPhases = (
				FA464E9A2A34E89400910323 /* Sources */,
				FA464E9B2A34E89400910323 /* Frameworks */,
				FA464E9C2A34E89400910323 /* Resources */,
			);
			buildRules = (
			);
			dependencies = (
				FA464EA02A34E89400910323 /* PBXTargetDependency */,
			);
			name = StudioGuruTests;
			productName = StudioGuruTests;
			productReference = FA464E9E2A34E89400910323 /* StudioGuruTests.xctest */;
			productType = "com.apple.product-type.bundle.unit-test";
		};
		FA464EA72A34E89400910323 /* StudioGuruUITests */ = {
			isa = PBXNativeTarget;
			buildConfigurationList = FA464EB82A34E89400910323 /* Build configuration list for PBXNativeTarget "StudioGuruUITests" */;
			buildPhases = (
				FA464EA42A34E89400910323 /* Sources */,
				FA464EA52A34E89400910323 /* Frameworks */,
				FA464EA62A34E89400910323 /* Resources */,
			);
			buildRules = (
			);
			dependencies = (
				FA464EAA2A34E89400910323 /* PBXTargetDependency */,
			);
			name = StudioGuruUITests;
			productName = StudioGuruUITests;
			productReference = FA464EA82A34E89400910323 /* StudioGuruUITests.xctest */;
			productType = "com.apple.product-type.bundle.ui-testing";
		};
/* End PBXNativeTarget section */

/* Begin PBXProject section */
		FA464E802A34E89200910323 /* Project object */ = {
			isa = PBXProject;
			attributes = {
				BuildIndependentTargetsInParallel = 1;
				LastSwiftUpdateCheck = 1420;
				LastUpgradeCheck = 1420;
				TargetAttributes = {
					FA464E872A34E89200910323 = {
						CreatedOnToolsVersion = 14.2;
					};
					FA464E9D2A34E89400910323 = {
						CreatedOnToolsVersion = 14.2;
						TestTargetID = FA464E872A34E89200910323;
					};
					FA464EA72A34E89400910323 = {
						CreatedOnToolsVersion = 14.2;
						TestTargetID = FA464E872A34E89200910323;
					};
				};
			};
			buildConfigurationList = FA464E832A34E89200910323 /* Build configuration list for PBXProject "StudioGuru" */;
			compatibilityVersion = "Xcode 14.0";
			developmentRegion = en;
			hasScannedForEncodings = 0;
			knownRegions = (
				en,
				Base,
			);
			mainGroup = FA464E7F2A34E89200910323;
			productRefGroup = FA464E892A34E89200910323 /* Products */;
			projectDirPath = "";
			projectRoot = "";
			targets = (
				FA464E872A34E89200910323 /* StudioGuru */,
				FA464E9D2A34E89400910323 /* StudioGuruTests */,
				FA464EA72A34E89400910323 /* StudioGuruUITests */,
			);
		};
/* End PBXProject section */

/* Begin PBXResourcesBuildPhase section */
		FA464E862A34E89200910323 /* Resources */ = {
			isa = PBXResourcesBuildPhase;
			buildActionMask = 2147483647;
			files = (
				FA464ED62A35134200910323 /* Roboto-Medium.ttf in Resources */,
				FA464ED92A35134200910323 /* Roboto-Regular.ttf in Resources */,
				FA464E982A34E89400910323 /* LaunchScreen.storyboard in Resources */,
				FA464ED82A35134200910323 /* Roboto-Bold.ttf in Resources */,
				FA464ED72A35134200910323 /* Roboto-Light.ttf in Resources */,
				FA464E952A34E89400910323 /* Assets.xcassets in Resources */,
				FA464E932A34E89200910323 /* Main.storyboard in Resources */,
			);
			runOnlyForDeploymentPostprocessing = 0;
		};
		FA464E9C2A34E89400910323 /* Resources */ = {
			isa = PBXResourcesBuildPhase;
			buildActionMask = 2147483647;
			files = (
			);
			runOnlyForDeploymentPostprocessing = 0;
		};
		FA464EA62A34E89400910323 /* Resources */ = {
			isa = PBXResourcesBuildPhase;
			buildActionMask = 2147483647;
			files = (
			);
			runOnlyForDeploymentPostprocessing = 0;
		};
/* End PBXResourcesBuildPhase section */

/* Begin PBXShellScriptBuildPhase section */
		6A9C39885A81626168B1EE80 /* [CP] Embed Pods Frameworks */ = {
			isa = PBXShellScriptBuildPhase;
			buildActionMask = 2147483647;
			files = (
			);
			inputFileListPaths = (
				"${PODS_ROOT}/Target Support Files/Pods-StudioGuru/Pods-StudioGuru-frameworks-${CONFIGURATION}-input-files.xcfilelist",
			);
			name = "[CP] Embed Pods Frameworks";
			outputFileListPaths = (
				"${PODS_ROOT}/Target Support Files/Pods-StudioGuru/Pods-StudioGuru-frameworks-${CONFIGURATION}-output-files.xcfilelist",
			);
			runOnlyForDeploymentPostprocessing = 0;
			shellPath = /bin/sh;
			shellScript = "\"${PODS_ROOT}/Target Support Files/Pods-StudioGuru/Pods-StudioGuru-frameworks.sh\"\n";
			showEnvVarsInLog = 0;
		};
		9735541AE946B8ED1A8D02AB /* [CP] Check Pods Manifest.lock */ = {
			isa = PBXShellScriptBuildPhase;
			buildActionMask = 2147483647;
			files = (
			);
			inputFileListPaths = (
			);
			inputPaths = (
				"${PODS_PODFILE_DIR_PATH}/Podfile.lock",
				"${PODS_ROOT}/Manifest.lock",
			);
			name = "[CP] Check Pods Manifest.lock";
			outputFileListPaths = (
			);
			outputPaths = (
				"$(DERIVED_FILE_DIR)/Pods-StudioGuru-checkManifestLockResult.txt",
			);
			runOnlyForDeploymentPostprocessing = 0;
			shellPath = /bin/sh;
			shellScript = "diff \"${PODS_PODFILE_DIR_PATH}/Podfile.lock\" \"${PODS_ROOT}/Manifest.lock\" > /dev/null\nif [ $? != 0 ] ; then\n    # print error to STDERR\n    echo \"error: The sandbox is not in sync with the Podfile.lock. Run 'pod install' or update your CocoaPods installation.\" >&2\n    exit 1\nfi\n# This output is used by Xcode 'outputs' to avoid re-running this script phase.\necho \"SUCCESS\" > \"${SCRIPT_OUTPUT_FILE_0}\"\n";
			showEnvVarsInLog = 0;
		};
/* End PBXShellScriptBuildPhase section */

/* Begin PBXSourcesBuildPhase section */
		FA464E842A34E89200910323 /* Sources */ = {
			isa = PBXSourcesBuildPhase;
			buildActionMask = 2147483647;
			files = (
				FA464EC52A34EB6C00910323 /* SignUp.swift in Sources */,
				FAF921702A89E466005F3095 /* SignUpAccount.swift in Sources */,
				FA77BCB22A88BF0800617AC1 /* MyStudentInfo.swift in Sources */,
				FA464EBC2A34E92D00910323 /* SharedData.swift in Sources */,
				FAA187B42A87625F00598626 /* PICell.swift in Sources */,
				FAF921722A89FA91005F3095 /* SignUpPhoto.swift in Sources */,
				FA77BCAC2A883BF100617AC1 /* PMAddCreditCard.swift in Sources */,
				FAA187B82A8779F500598626 /* PageEditPassword.swift in Sources */,
				FA464EC72A34EEB600910323 /* Dashboard.swift in Sources */,
				FA464E902A34E89200910323 /* ViewController.swift in Sources */,
				FA0E93442A404EF000EEB22F /* ChatDetails.swift in Sources */,
				FA8E94C32A7F5CFF00951D52 /* MoreCell.swift in Sources */,
				FA464ED02A35125C00910323 /* More.swift in Sources */,
				FA70D4FD2A81DAEE00ED4449 /* SideMenu.swift in Sources */,
				FAA187932A85C08B00598626 /* ManagerPage.swift in Sources */,
				FAA1878F2A833FEB00598626 /* SideMenuCell.swift in Sources */,
				FA77BCA62A88376500617AC1 /* PMCell.swift in Sources */,
				FA8E94CC2A81915600951D52 /* MyAccountCell.swift in Sources */,
				FA77BCAE2A88947700617AC1 /* PMAddBankAccount.swift in Sources */,
				FA464ECA2A3511F700910323 /* Home.swift in Sources */,
				FA464EBF2A34E98600910323 /* TopBar.swift in Sources */,
				FAF69C822AE6827700F9150D /* FeedCell.swift in Sources */,
				FA8E94CA2A7FFABB00951D52 /* MainDashboard.swift in Sources */,
				FAA187B62A87737500598626 /* PageEditPhoto.swift in Sources */,
				FAB902B12AAB957900A4A47F /* NoInternet.swift in Sources */,
				FAF9216C2A89DC79005F3095 /* SignUpInfo.swift in Sources */,
				FA464ECE2A35124F00910323 /* Chat.swift in Sources */,
				FA77BCB02A889BA400617AC1 /* MyStudentsAddStudent.swift in Sources */,
				FAA187992A85C12500598626 /* ClassesPage.swift in Sources */,
				FAA187912A85C03400598626 /* StudioPage.swift in Sources */,
				FAA187BA2A878D4C00598626 /* MyStudentDetails.swift in Sources */,
				FA464EC32A34EA5600910323 /* Login.swift in Sources */,
				FAA187952A85C0EC00598626 /* InstructorPage.swift in Sources */,
				FAF9216E2A89DCCB005F3095 /* SignUpTerms.swift in Sources */,
				FA8E94C82A7F5D3D00951D52 /* MyAccount.swift in Sources */,
				FA464E8C2A34E89200910323 /* AppDelegate.swift in Sources */,
				FAA1879F2A85D1C700598626 /* PersonalInfo.swift in Sources */,
				FAB902B52AAB963800A4A47F /* NetworkManager.swift in Sources */,
				FA0E93422A404BC800EEB22F /* ChatCell.swift in Sources */,
				FAF69C802AE6541200F9150D /* FeedPage.swift in Sources */,
				FAA187A12A85D2FC00598626 /* LoginInfo.swift in Sources */,
				FAA187972A85C10800598626 /* StaffPage.swift in Sources */,
				FAA1879B2A85C15300598626 /* StorePage.swift in Sources */,
				FAA187B22A875EE900598626 /* PageEditItem.swift in Sources */,
				FA464E8E2A34E89200910323 /* SceneDelegate.swift in Sources */,
				FAA187A52A85D33500598626 /* PaymentMethods.swift in Sources */,
				FAA187A32A85D31400598626 /* MyStudents.swift in Sources */,
				FAB902B32AAB962000A4A47F /* Reachable.swift in Sources */,
				FA464ECC2A35124100910323 /* CalendarPage.swift in Sources */,
				FA8E94C62A7F5D2D00951D52 /* StudioRentals.swift in Sources */,
				FA70AC602AE9284500AD5ED0 /* ChatMembersList.swift in Sources */,
			);
			runOnlyForDeploymentPostprocessing = 0;
		};
		FA464E9A2A34E89400910323 /* Sources */ = {
			isa = PBXSourcesBuildPhase;
			buildActionMask = 2147483647;
			files = (
				FA464EA32A34E89400910323 /* StudioGuruTests.swift in Sources */,
			);
			runOnlyForDeploymentPostprocessing = 0;
		};
		FA464EA42A34E89400910323 /* Sources */ = {
			isa = PBXSourcesBuildPhase;
			buildActionMask = 2147483647;
			files = (
				FA464EAD2A34E89400910323 /* StudioGuruUITests.swift in Sources */,
				FA464EAF2A34E89400910323 /* StudioGuruUITestsLaunchTests.swift in Sources */,
			);
			runOnlyForDeploymentPostprocessing = 0;
		};
/* End PBXSourcesBuildPhase section */

/* Begin PBXTargetDependency section */
		FA464EA02A34E89400910323 /* PBXTargetDependency */ = {
			isa = PBXTargetDependency;
			target = FA464E872A34E89200910323 /* StudioGuru */;
			targetProxy = FA464E9F2A34E89400910323 /* PBXContainerItemProxy */;
		};
		FA464EAA2A34E89400910323 /* PBXTargetDependency */ = {
			isa = PBXTargetDependency;
			target = FA464E872A34E89200910323 /* StudioGuru */;
			targetProxy = FA464EA92A34E89400910323 /* PBXContainerItemProxy */;
		};
/* End PBXTargetDependency section */

/* Begin PBXVariantGroup section */
		FA464E912A34E89200910323 /* Main.storyboard */ = {
			isa = PBXVariantGroup;
			children = (
				FA464E922A34E89200910323 /* Base */,
			);
			name = Main.storyboard;
			sourceTree = "<group>";
		};
		FA464E962A34E89400910323 /* LaunchScreen.storyboard */ = {
			isa = PBXVariantGroup;
			children = (
				FA464E972A34E89400910323 /* Base */,
			);
			name = LaunchScreen.storyboard;
			sourceTree = "<group>";
		};
/* End PBXVariantGroup section */

/* Begin XCBuildConfiguration section */
		FA464EB02A34E89400910323 /* Debug */ = {
			isa = XCBuildConfiguration;
			buildSettings = {
				ALWAYS_SEARCH_USER_PATHS = NO;
				CLANG_ANALYZER_NONNULL = YES;
				CLANG_ANALYZER_NUMBER_OBJECT_CONVERSION = YES_AGGRESSIVE;
				CLANG_CXX_LANGUAGE_STANDARD = "gnu++20";
				CLANG_ENABLE_MODULES = YES;
				CLANG_ENABLE_OBJC_ARC = YES;
				CLANG_ENABLE_OBJC_WEAK = YES;
				CLANG_WARN_BLOCK_CAPTURE_AUTORELEASING = YES;
				CLANG_WARN_BOOL_CONVERSION = YES;
				CLANG_WARN_COMMA = YES;
				CLANG_WARN_CONSTANT_CONVERSION = YES;
				CLANG_WARN_DEPRECATED_OBJC_IMPLEMENTATIONS = YES;
				CLANG_WARN_DIRECT_OBJC_ISA_USAGE = YES_ERROR;
				CLANG_WARN_DOCUMENTATION_COMMENTS = YES;
				CLANG_WARN_EMPTY_BODY = YES;
				CLANG_WARN_ENUM_CONVERSION = YES;
				CLANG_WARN_INFINITE_RECURSION = YES;
				CLANG_WARN_INT_CONVERSION = YES;
				CLANG_WARN_NON_LITERAL_NULL_CONVERSION = YES;
				CLANG_WARN_OBJC_IMPLICIT_RETAIN_SELF = YES;
				CLANG_WARN_OBJC_LITERAL_CONVERSION = YES;
				CLANG_WARN_OBJC_ROOT_CLASS = YES_ERROR;
				CLANG_WARN_QUOTED_INCLUDE_IN_FRAMEWORK_HEADER = YES;
				CLANG_WARN_RANGE_LOOP_ANALYSIS = YES;
				CLANG_WARN_STRICT_PROTOTYPES = YES;
				CLANG_WARN_SUSPICIOUS_MOVE = YES;
				CLANG_WARN_UNGUARDED_AVAILABILITY = YES_AGGRESSIVE;
				CLANG_WARN_UNREACHABLE_CODE = YES;
				CLANG_WARN__DUPLICATE_METHOD_MATCH = YES;
				COPY_PHASE_STRIP = NO;
				DEBUG_INFORMATION_FORMAT = dwarf;
				ENABLE_STRICT_OBJC_MSGSEND = YES;
				ENABLE_TESTABILITY = YES;
				GCC_C_LANGUAGE_STANDARD = gnu11;
				GCC_DYNAMIC_NO_PIC = NO;
				GCC_NO_COMMON_BLOCKS = YES;
				GCC_OPTIMIZATION_LEVEL = 0;
				GCC_PREPROCESSOR_DEFINITIONS = (
					"DEBUG=1",
					"$(inherited)",
				);
				GCC_WARN_64_TO_32_BIT_CONVERSION = YES;
				GCC_WARN_ABOUT_RETURN_TYPE = YES_ERROR;
				GCC_WARN_UNDECLARED_SELECTOR = YES;
				GCC_WARN_UNINITIALIZED_AUTOS = YES_AGGRESSIVE;
				GCC_WARN_UNUSED_FUNCTION = YES;
				GCC_WARN_UNUSED_VARIABLE = YES;
				IPHONEOS_DEPLOYMENT_TARGET = 16.2;
				MTL_ENABLE_DEBUG_INFO = INCLUDE_SOURCE;
				MTL_FAST_MATH = YES;
				ONLY_ACTIVE_ARCH = YES;
				SDKROOT = iphoneos;
				SWIFT_ACTIVE_COMPILATION_CONDITIONS = DEBUG;
				SWIFT_OPTIMIZATION_LEVEL = "-Onone";
			};
			name = Debug;
		};
		FA464EB12A34E89400910323 /* Release */ = {
			isa = XCBuildConfiguration;
			buildSettings = {
				ALWAYS_SEARCH_USER_PATHS = NO;
				CLANG_ANALYZER_NONNULL = YES;
				CLANG_ANALYZER_NUMBER_OBJECT_CONVERSION = YES_AGGRESSIVE;
				CLANG_CXX_LANGUAGE_STANDARD = "gnu++20";
				CLANG_ENABLE_MODULES = YES;
				CLANG_ENABLE_OBJC_ARC = YES;
				CLANG_ENABLE_OBJC_WEAK = YES;
				CLANG_WARN_BLOCK_CAPTURE_AUTORELEASING = YES;
				CLANG_WARN_BOOL_CONVERSION = YES;
				CLANG_WARN_COMMA = YES;
				CLANG_WARN_CONSTANT_CONVERSION = YES;
				CLANG_WARN_DEPRECATED_OBJC_IMPLEMENTATIONS = YES;
				CLANG_WARN_DIRECT_OBJC_ISA_USAGE = YES_ERROR;
				CLANG_WARN_DOCUMENTATION_COMMENTS = YES;
				CLANG_WARN_EMPTY_BODY = YES;
				CLANG_WARN_ENUM_CONVERSION = YES;
				CLANG_WARN_INFINITE_RECURSION = YES;
				CLANG_WARN_INT_CONVERSION = YES;
				CLANG_WARN_NON_LITERAL_NULL_CONVERSION = YES;
				CLANG_WARN_OBJC_IMPLICIT_RETAIN_SELF = YES;
				CLANG_WARN_OBJC_LITERAL_CONVERSION = YES;
				CLANG_WARN_OBJC_ROOT_CLASS = YES_ERROR;
				CLANG_WARN_QUOTED_INCLUDE_IN_FRAMEWORK_HEADER = YES;
				CLANG_WARN_RANGE_LOOP_ANALYSIS = YES;
				CLANG_WARN_STRICT_PROTOTYPES = YES;
				CLANG_WARN_SUSPICIOUS_MOVE = YES;
				CLANG_WARN_UNGUARDED_AVAILABILITY = YES_AGGRESSIVE;
				CLANG_WARN_UNREACHABLE_CODE = YES;
				CLANG_WARN__DUPLICATE_METHOD_MATCH = YES;
				COPY_PHASE_STRIP = NO;
				DEBUG_INFORMATION_FORMAT = "dwarf-with-dsym";
				ENABLE_NS_ASSERTIONS = NO;
				ENABLE_STRICT_OBJC_MSGSEND = YES;
				GCC_C_LANGUAGE_STANDARD = gnu11;
				GCC_NO_COMMON_BLOCKS = YES;
				GCC_WARN_64_TO_32_BIT_CONVERSION = YES;
				GCC_WARN_ABOUT_RETURN_TYPE = YES_ERROR;
				GCC_WARN_UNDECLARED_SELECTOR = YES;
				GCC_WARN_UNINITIALIZED_AUTOS = YES_AGGRESSIVE;
				GCC_WARN_UNUSED_FUNCTION = YES;
				GCC_WARN_UNUSED_VARIABLE = YES;
				IPHONEOS_DEPLOYMENT_TARGET = 16.2;
				MTL_ENABLE_DEBUG_INFO = NO;
				MTL_FAST_MATH = YES;
				SDKROOT = iphoneos;
				SWIFT_COMPILATION_MODE = wholemodule;
				SWIFT_OPTIMIZATION_LEVEL = "-O";
				VALIDATE_PRODUCT = YES;
			};
			name = Release;
		};
		FA464EB32A34E89400910323 /* Debug */ = {
			isa = XCBuildConfiguration;
			baseConfigurationReference = E2869BB29ABFB323C9ABD65E /* Pods-StudioGuru.debug.xcconfig */;
			buildSettings = {
				ASSETCATALOG_COMPILER_APPICON_NAME = AppIcon;
				ASSETCATALOG_COMPILER_GLOBAL_ACCENT_COLOR_NAME = AccentColor;
				CODE_SIGN_ENTITLEMENTS = StudioGuru/StudioGuru.entitlements;
				CODE_SIGN_IDENTITY = "iPhone Developer";
				"CODE_SIGN_IDENTITY[sdk=iphoneos*]" = "iPhone Developer";
				CODE_SIGN_STYLE = Manual;
				CURRENT_PROJECT_VERSION = 1;
				DEVELOPMENT_TEAM = "";
				"DEVELOPMENT_TEAM[sdk=iphoneos*]" = EXX9MLAE8A;
				GENERATE_INFOPLIST_FILE = YES;
				INFOPLIST_FILE = StudioGuru/Info.plist;
				INFOPLIST_KEY_CFBundleDisplayName = "Kiwi Suites";
				INFOPLIST_KEY_LSApplicationCategoryType = "public.app-category.business";
				INFOPLIST_KEY_NSCameraUsageDescription = "The app needs access to your camera";
				INFOPLIST_KEY_NSMicrophoneUsageDescription = "The app need access to your microphone";
				INFOPLIST_KEY_NSPhotoLibraryUsageDescription = "The app needs access to your photo/video Library";
				INFOPLIST_KEY_UIApplicationSupportsIndirectInputEvents = YES;
				INFOPLIST_KEY_UILaunchStoryboardName = LaunchScreen;
				INFOPLIST_KEY_UIMainStoryboardFile = Main;
				INFOPLIST_KEY_UISupportedInterfaceOrientations = UIInterfaceOrientationPortrait;
				INFOPLIST_KEY_UISupportedInterfaceOrientations_iPad = "UIInterfaceOrientationLandscapeLeft UIInterfaceOrientationLandscapeRight UIInterfaceOrientationPortrait UIInterfaceOrientationPortraitUpsideDown";
				IPHONEOS_DEPLOYMENT_TARGET = 15.0;
				LD_RUNPATH_SEARCH_PATHS = (
					"$(inherited)",
					"@executable_path/Frameworks",
				);
				MARKETING_VERSION = 1.0;
				PRODUCT_BUNDLE_IDENTIFIER = com.complexnerve.kiwi;
				PRODUCT_NAME = "$(TARGET_NAME)";
				PROVISIONING_PROFILE_SPECIFIER = "";
				"PROVISIONING_PROFILE_SPECIFIER[sdk=iphoneos*]" = KiwiDev;
				SUPPORTED_PLATFORMS = "iphoneos iphonesimulator";
				SUPPORTS_MACCATALYST = NO;
				SUPPORTS_MAC_DESIGNED_FOR_IPHONE_IPAD = NO;
				SWIFT_EMIT_LOC_STRINGS = YES;
				SWIFT_VERSION = 5.0;
				TARGETED_DEVICE_FAMILY = 1;
			};
			name = Debug;
		};
		FA464EB42A34E89400910323 /* Release */ = {
			isa = XCBuildConfiguration;
			baseConfigurationReference = 3D382994C88677C8187AC951 /* Pods-StudioGuru.release.xcconfig */;
			buildSettings = {
				ASSETCATALOG_COMPILER_APPICON_NAME = AppIcon;
				ASSETCATALOG_COMPILER_GLOBAL_ACCENT_COLOR_NAME = AccentColor;
				CODE_SIGN_ENTITLEMENTS = StudioGuru/StudioGuru.entitlements;
				CODE_SIGN_IDENTITY = "iPhone Distribution";
				"CODE_SIGN_IDENTITY[sdk=iphoneos*]" = "iPhone Distribution";
				CODE_SIGN_STYLE = Manual;
				CURRENT_PROJECT_VERSION = 1;
				DEVELOPMENT_TEAM = "";
				"DEVELOPMENT_TEAM[sdk=iphoneos*]" = EXX9MLAE8A;
				GENERATE_INFOPLIST_FILE = YES;
				INFOPLIST_FILE = StudioGuru/Info.plist;
				INFOPLIST_KEY_CFBundleDisplayName = "Kiwi Suites";
				INFOPLIST_KEY_LSApplicationCategoryType = "public.app-category.business";
				INFOPLIST_KEY_NSCameraUsageDescription = "The app needs access to your camera";
				INFOPLIST_KEY_NSMicrophoneUsageDescription = "The app need access to your microphone";
				INFOPLIST_KEY_NSPhotoLibraryUsageDescription = "The app needs access to your photo/video Library";
				INFOPLIST_KEY_UIApplicationSupportsIndirectInputEvents = YES;
				INFOPLIST_KEY_UILaunchStoryboardName = LaunchScreen;
				INFOPLIST_KEY_UIMainStoryboardFile = Main;
				INFOPLIST_KEY_UISupportedInterfaceOrientations = UIInterfaceOrientationPortrait;
				INFOPLIST_KEY_UISupportedInterfaceOrientations_iPad = "UIInterfaceOrientationLandscapeLeft UIInterfaceOrientationLandscapeRight UIInterfaceOrientationPortrait UIInterfaceOrientationPortraitUpsideDown";
				IPHONEOS_DEPLOYMENT_TARGET = 15.0;
				LD_RUNPATH_SEARCH_PATHS = (
					"$(inherited)",
					"@executable_path/Frameworks",
				);
				MARKETING_VERSION = 1.0;
				PRODUCT_BUNDLE_IDENTIFIER = com.complexnerve.kiwi;
				PRODUCT_NAME = "$(TARGET_NAME)";
				PROVISIONING_PROFILE_SPECIFIER = "";
				"PROVISIONING_PROFILE_SPECIFIER[sdk=iphoneos*]" = KiwiDist;
				SUPPORTED_PLATFORMS = "iphoneos iphonesimulator";
				SUPPORTS_MACCATALYST = NO;
				SUPPORTS_MAC_DESIGNED_FOR_IPHONE_IPAD = NO;
				SWIFT_EMIT_LOC_STRINGS = YES;
				SWIFT_VERSION = 5.0;
				TARGETED_DEVICE_FAMILY = 1;
			};
			name = Release;
		};
		FA464EB62A34E89400910323 /* Debug */ = {
			isa = XCBuildConfiguration;
			buildSettings = {
				ALWAYS_EMBED_SWIFT_STANDARD_LIBRARIES = YES;
				BUNDLE_LOADER = "$(TEST_HOST)";
				CODE_SIGN_STYLE = Automatic;
				CURRENT_PROJECT_VERSION = 1;
				DEVELOPMENT_TEAM = EXX9MLAE8A;
				GENERATE_INFOPLIST_FILE = YES;
				IPHONEOS_DEPLOYMENT_TARGET = 16.2;
				MARKETING_VERSION = 1.0;
				PRODUCT_BUNDLE_IDENTIFIER = com.complexnerve.StudioGuruTests;
				PRODUCT_NAME = "$(TARGET_NAME)";
				SWIFT_EMIT_LOC_STRINGS = NO;
				SWIFT_VERSION = 5.0;
				TARGETED_DEVICE_FAMILY = "1,2";
				TEST_HOST = "$(BUILT_PRODUCTS_DIR)/StudioGuru.app/$(BUNDLE_EXECUTABLE_FOLDER_PATH)/StudioGuru";
			};
			name = Debug;
		};
		FA464EB72A34E89400910323 /* Release */ = {
			isa = XCBuildConfiguration;
			buildSettings = {
				ALWAYS_EMBED_SWIFT_STANDARD_LIBRARIES = YES;
				BUNDLE_LOADER = "$(TEST_HOST)";
				CODE_SIGN_STYLE = Automatic;
				CURRENT_PROJECT_VERSION = 1;
				DEVELOPMENT_TEAM = EXX9MLAE8A;
				GENERATE_INFOPLIST_FILE = YES;
				IPHONEOS_DEPLOYMENT_TARGET = 16.2;
				MARKETING_VERSION = 1.0;
				PRODUCT_BUNDLE_IDENTIFIER = com.complexnerve.StudioGuruTests;
				PRODUCT_NAME = "$(TARGET_NAME)";
				SWIFT_EMIT_LOC_STRINGS = NO;
				SWIFT_VERSION = 5.0;
				TARGETED_DEVICE_FAMILY = "1,2";
				TEST_HOST = "$(BUILT_PRODUCTS_DIR)/StudioGuru.app/$(BUNDLE_EXECUTABLE_FOLDER_PATH)/StudioGuru";
			};
			name = Release;
		};
		FA464EB92A34E89400910323 /* Debug */ = {
			isa = XCBuildConfiguration;
			buildSettings = {
				ALWAYS_EMBED_SWIFT_STANDARD_LIBRARIES = YES;
				CODE_SIGN_STYLE = Automatic;
				CURRENT_PROJECT_VERSION = 1;
				DEVELOPMENT_TEAM = EXX9MLAE8A;
				GENERATE_INFOPLIST_FILE = YES;
				MARKETING_VERSION = 1.0;
				PRODUCT_BUNDLE_IDENTIFIER = com.complexnerve.StudioGuruUITests;
				PRODUCT_NAME = "$(TARGET_NAME)";
				SWIFT_EMIT_LOC_STRINGS = NO;
				SWIFT_VERSION = 5.0;
				TARGETED_DEVICE_FAMILY = "1,2";
				TEST_TARGET_NAME = StudioGuru;
			};
			name = Debug;
		};
		FA464EBA2A34E89400910323 /* Release */ = {
			isa = XCBuildConfiguration;
			buildSettings = {
				ALWAYS_EMBED_SWIFT_STANDARD_LIBRARIES = YES;
				CODE_SIGN_STYLE = Automatic;
				CURRENT_PROJECT_VERSION = 1;
				DEVELOPMENT_TEAM = EXX9MLAE8A;
				GENERATE_INFOPLIST_FILE = YES;
				MARKETING_VERSION = 1.0;
				PRODUCT_BUNDLE_IDENTIFIER = com.complexnerve.StudioGuruUITests;
				PRODUCT_NAME = "$(TARGET_NAME)";
				SWIFT_EMIT_LOC_STRINGS = NO;
				SWIFT_VERSION = 5.0;
				TARGETED_DEVICE_FAMILY = "1,2";
				TEST_TARGET_NAME = StudioGuru;
			};
			name = Release;
		};
/* End XCBuildConfiguration section */

/* Begin XCConfigurationList section */
		FA464E832A34E89200910323 /* Build configuration list for PBXProject "StudioGuru" */ = {
			isa = XCConfigurationList;
			buildConfigurations = (
				FA464EB02A34E89400910323 /* Debug */,
				FA464EB12A34E89400910323 /* Release */,
			);
			defaultConfigurationIsVisible = 0;
			defaultConfigurationName = Release;
		};
		FA464EB22A34E89400910323 /* Build configuration list for PBXNativeTarget "StudioGuru" */ = {
			isa = XCConfigurationList;
			buildConfigurations = (
				FA464EB32A34E89400910323 /* Debug */,
				FA464EB42A34E89400910323 /* Release */,
			);
			defaultConfigurationIsVisible = 0;
			defaultConfigurationName = Release;
		};
		FA464EB52A34E89400910323 /* Build configuration list for PBXNativeTarget "StudioGuruTests" */ = {
			isa = XCConfigurationList;
			buildConfigurations = (
				FA464EB62A34E89400910323 /* Debug */,
				FA464EB72A34E89400910323 /* Release */,
			);
			defaultConfigurationIsVisible = 0;
			defaultConfigurationName = Release;
		};
		FA464EB82A34E89400910323 /* Build configuration list for PBXNativeTarget "StudioGuruUITests" */ = {
			isa = XCConfigurationList;
			buildConfigurations = (
				FA464EB92A34E89400910323 /* Debug */,
				FA464EBA2A34E89400910323 /* Release */,
			);
			defaultConfigurationIsVisible = 0;
			defaultConfigurationName = Release;
		};
/* End XCConfigurationList section */
	};
	rootObject = FA464E802A34E89200910323 /* Project object */;
}
